
Microsoft Visual Studio Solution File, Format Version 12.00
# Visual Studio Version 16
VisualStudioVersion = 16.0.30503.244
MinimumVisualStudioVersion = 10.0.40219.1
Project("{FAE04EC0-301F-11D3-BF4B-00C04F79EFBC}") = "Promotions", "Promotions\Promotions.csproj", "{B49B6782-ADCA-491B-87CD-A4796ABF30B6}"
EndProject
Global
	GlobalSection(SolutionConfigurationPlatforms) = preSolution
		Debug|Any CPU = Debug|Any CPU
		Release|Any CPU = Release|Any CPU
	EndGlobalSection
	GlobalSection(ProjectConfigurationPlatforms) = postSolution
		{B49B6782-ADCA-491B-87CD-A4796ABF30B6}.Debug|Any CPU.ActiveCfg = Debug|Any CPU
		{B49B6782-ADCA-491B-87CD-A4796ABF30B6}.Debug|Any CPU.Build.0 = Debug|Any CPU
		{B49B6782-ADCA-491B-87CD-A4796ABF30B6}.Release|Any CPU.ActiveCfg = Release|Any CPU
		{B49B6782-ADCA-491B-87CD-A4796ABF30B6}.Release|Any CPU.Build.0 = Release|Any CPU
	EndGlobalSection
	GlobalSection(SolutionProperties) = preSolution
		HideSolutionNode = FALSE
	EndGlobalSection
	GlobalSection(ExtensibilityGlobals) = postSolution
		SolutionGuid = {F7AF6DC6-100F-41F3-A467-8271532893C4}
	EndGlobalSection
EndGlobal
